
Microsoft Visual Studio Solution File, Format Version 12.00
# Visual Studio Version 16
VisualStudioVersion = 16.0.32106.194
MinimumVisualStudioVersion = 10.0.40219.1
Project("{8BC9CEB8-8B4A-11D0-8D11-00A0C91BC942}") = "deHASHER", "deHASHER\deHASHER.vcxproj", "{7EB76854-0BFA-4C70-A780-4BAD2B9451BB}"
EndProject
Global
	GlobalSection(SolutionConfigurationPlatforms) = preSolution
		Debug|Win32 = Debug|Win32
		Debug|x64 = Debug|x64
		Debug|x86 = Debug|x86
		Release|Win32 = Release|Win32
		Release|x64 = Release|x64
		Release|x86 = Release|x86
	EndGlobalSection
	GlobalSection(ProjectConfigurationPlatforms) = postSolution
		{7EB76854-0BFA-4C70-A780-4BAD2B9451BB}.Debug|Win32.ActiveCfg = Debug|Win32
		{7EB76854-0BFA-4C70-A780-4BAD2B9451BB}.Debug|Win32.Build.0 = Debug|Win32
		{7EB76854-0BFA-4C70-A780-4BAD2B9451BB}.Debug|x64.ActiveCfg = Debug|x64
		{7EB76854-0BFA-4C70-A780-4BAD2B9451BB}.Debug|x64.Build.0 = Debug|x64
		{7EB76854-0BFA-4C70-A780-4BAD2B9451BB}.Debug|x86.ActiveCfg = Debug|Win32
		{7EB76854-0BFA-4C70-A780-4BAD2B9451BB}.Debug|x86.Build.0 = Debug|Win32
		{7EB76854-0BFA-4C70-A780-4BAD2B9451BB}.Release|Win32.ActiveCfg = Release|Win32
		{7EB76854-0BFA-4C70-A780-4BAD2B9451BB}.Release|Win32.Build.0 = Release|Win32
		{7EB76854-0BFA-4C70-A780-4BAD2B9451BB}.Release|x64.ActiveCfg = Release|x64
		{7EB76854-0BFA-4C70-A780-4BAD2B9451BB}.Release|x64.Build.0 = Release|x64
		{7EB76854-0BFA-4C70-A780-4BAD2B9451BB}.Release|x86.ActiveCfg = Release|Win32
		{7EB76854-0BFA-4C70-A780-4BAD2B9451BB}.Release|x86.Build.0 = Release|Win32
	EndGlobalSection
	GlobalSection(SolutionProperties) = preSolution
		HideSolutionNode = FALSE
	EndGlobalSection
	GlobalSection(ExtensibilityGlobals) = postSolution
		SolutionGuid = {A306AA50-A6B8-4755-A7CD-A274ABDB329B}
	EndGlobalSection
EndGlobal
